
Microsoft Visual Studio Solution File, Format Version 12.00
# Visual Studio Version 17
VisualStudioVersion = 17.8.34322.80
MinimumVisualStudioVersion = 10.0.40219.1
Project("{FAE04EC0-301F-11D3-BF4B-00C04F79EFBC}") = "Gateway", "Gateway\Gateway.csproj", "{7A048E02-B752-4F14-8464-02FEF17DEA9B}"
EndProject
Global
	GlobalSection(SolutionConfigurationPlatforms) = preSolution
		Debug|Any CPU = Debug|Any CPU
		Release|Any CPU = Release|Any CPU
	EndGlobalSection
	GlobalSection(ProjectConfigurationPlatforms) = postSolution
		{7A048E02-B752-4F14-8464-02FEF17DEA9B}.Debug|Any CPU.ActiveCfg = Debug|Any CPU
		{7A048E02-B752-4F14-8464-02FEF17DEA9B}.Debug|Any CPU.Build.0 = Debug|Any CPU
		{7A048E02-B752-4F14-8464-02FEF17DEA9B}.Release|Any CPU.ActiveCfg = Release|Any CPU
		{7A048E02-B752-4F14-8464-02FEF17DEA9B}.Release|Any CPU.Build.0 = Release|Any CPU
	EndGlobalSection
	GlobalSection(SolutionProperties) = preSolution
		HideSolutionNode = FALSE
	EndGlobalSection
	GlobalSection(ExtensibilityGlobals) = postSolution
		SolutionGuid = {70C0B21B-655C-4530-838B-7C0A4F1E5A0F}
	EndGlobalSection
EndGlobal
