
Microsoft Visual Studio Solution File, Format Version 12.00
# Visual Studio Version 16
VisualStudioVersion = 16.0.31019.35
MinimumVisualStudioVersion = 10.0.40219.1
Project("{9A19103F-16F7-4668-BE54-9A1E7A4F7556}") = "MiddlewareTCP", "AntiMiddleware\MiddlewareTCP.csproj", "{F542E9AF-E107-4F67-BDC3-BD3973010C73}"
EndProject
Project("{9A19103F-16F7-4668-BE54-9A1E7A4F7556}") = "QueryBuilder", "QueryBuilder\QueryBuilder.csproj", "{308DB242-5A65-4097-8D24-0BBA2CB2968F}"
EndProject
Project("{9A19103F-16F7-4668-BE54-9A1E7A4F7556}") = "SqlKata.Execution", "SqlKata.Execution\SqlKata.Execution.csproj", "{3B1168D6-C0FE-45D0-B882-6115CB60068E}"
EndProject
Project("{9A19103F-16F7-4668-BE54-9A1E7A4F7556}") = "AutoBackupCloud", "AutoBackupCloud\AutoBackupCloud.csproj", "{5D1E0ACD-FB9C-4B77-91B7-3C39C80170AD}"
EndProject
Project("{2150E333-8FDC-42A3-9474-1A3956D46DE8}") = "Solution Items", "Solution Items", "{3F40B047-537C-4292-88C5-42DB7BA02318}"
	ProjectSection(SolutionItems) = preProject
		.editorconfig = .editorconfig
	EndProjectSection
EndProject
Project("{9A19103F-16F7-4668-BE54-9A1E7A4F7556}") = "AutoAnswer", "AutoAnswer\AutoAnswer.csproj", "{B2FCF829-76BB-4444-A66C-BEA0A76BAB1E}"
EndProject
Global
	GlobalSection(SolutionConfigurationPlatforms) = preSolution
		Debug|Any CPU = Debug|Any CPU
		Debug|x86 = Debug|x86
		Release|Any CPU = Release|Any CPU
		Release|x86 = Release|x86
	EndGlobalSection
	GlobalSection(ProjectConfigurationPlatforms) = postSolution
		{F542E9AF-E107-4F67-BDC3-BD3973010C73}.Debug|Any CPU.ActiveCfg = Debug|Any CPU
		{F542E9AF-E107-4F67-BDC3-BD3973010C73}.Debug|Any CPU.Build.0 = Debug|Any CPU
		{F542E9AF-E107-4F67-BDC3-BD3973010C73}.Debug|x86.ActiveCfg = Debug|x86
		{F542E9AF-E107-4F67-BDC3-BD3973010C73}.Debug|x86.Build.0 = Debug|x86
		{F542E9AF-E107-4F67-BDC3-BD3973010C73}.Release|Any CPU.ActiveCfg = Release|Any CPU
		{F542E9AF-E107-4F67-BDC3-BD3973010C73}.Release|Any CPU.Build.0 = Release|Any CPU
		{F542E9AF-E107-4F67-BDC3-BD3973010C73}.Release|x86.ActiveCfg = Release|x86
		{F542E9AF-E107-4F67-BDC3-BD3973010C73}.Release|x86.Build.0 = Release|x86
		{308DB242-5A65-4097-8D24-0BBA2CB2968F}.Debug|Any CPU.ActiveCfg = Debug|Any CPU
		{308DB242-5A65-4097-8D24-0BBA2CB2968F}.Debug|Any CPU.Build.0 = Debug|Any CPU
		{308DB242-5A65-4097-8D24-0BBA2CB2968F}.Debug|x86.ActiveCfg = Debug|x86
		{308DB242-5A65-4097-8D24-0BBA2CB2968F}.Debug|x86.Build.0 = Debug|x86
		{308DB242-5A65-4097-8D24-0BBA2CB2968F}.Release|Any CPU.ActiveCfg = Release|Any CPU
		{308DB242-5A65-4097-8D24-0BBA2CB2968F}.Release|Any CPU.Build.0 = Release|Any CPU
		{308DB242-5A65-4097-8D24-0BBA2CB2968F}.Release|x86.ActiveCfg = Release|x86
		{308DB242-5A65-4097-8D24-0BBA2CB2968F}.Release|x86.Build.0 = Release|x86
		{3B1168D6-C0FE-45D0-B882-6115CB60068E}.Debug|Any CPU.ActiveCfg = Debug|Any CPU
		{3B1168D6-C0FE-45D0-B882-6115CB60068E}.Debug|Any CPU.Build.0 = Debug|Any CPU
		{3B1168D6-C0FE-45D0-B882-6115CB60068E}.Debug|x86.ActiveCfg = Debug|x86
		{3B1168D6-C0FE-45D0-B882-6115CB60068E}.Debug|x86.Build.0 = Debug|x86
		{3B1168D6-C0FE-45D0-B882-6115CB60068E}.Release|Any CPU.ActiveCfg = Release|Any CPU
		{3B1168D6-C0FE-45D0-B882-6115CB60068E}.Release|Any CPU.Build.0 = Release|Any CPU
		{3B1168D6-C0FE-45D0-B882-6115CB60068E}.Release|x86.ActiveCfg = Release|x86
		{3B1168D6-C0FE-45D0-B882-6115CB60068E}.Release|x86.Build.0 = Release|x86
		{5D1E0ACD-FB9C-4B77-91B7-3C39C80170AD}.Debug|Any CPU.ActiveCfg = Debug|Any CPU
		{5D1E0ACD-FB9C-4B77-91B7-3C39C80170AD}.Debug|Any CPU.Build.0 = Debug|Any CPU
		{5D1E0ACD-FB9C-4B77-91B7-3C39C80170AD}.Debug|x86.ActiveCfg = Debug|x86
		{5D1E0ACD-FB9C-4B77-91B7-3C39C80170AD}.Debug|x86.Build.0 = Debug|x86
		{5D1E0ACD-FB9C-4B77-91B7-3C39C80170AD}.Release|Any CPU.ActiveCfg = Release|Any CPU
		{5D1E0ACD-FB9C-4B77-91B7-3C39C80170AD}.Release|Any CPU.Build.0 = Release|Any CPU
		{5D1E0ACD-FB9C-4B77-91B7-3C39C80170AD}.Release|x86.ActiveCfg = Release|x86
		{5D1E0ACD-FB9C-4B77-91B7-3C39C80170AD}.Release|x86.Build.0 = Release|x86
		{B2FCF829-76BB-4444-A66C-BEA0A76BAB1E}.Debug|Any CPU.ActiveCfg = Debug|Any CPU
		{B2FCF829-76BB-4444-A66C-BEA0A76BAB1E}.Debug|Any CPU.Build.0 = Debug|Any CPU
		{B2FCF829-76BB-4444-A66C-BEA0A76BAB1E}.Debug|x86.ActiveCfg = Debug|x86
		{B2FCF829-76BB-4444-A66C-BEA0A76BAB1E}.Debug|x86.Build.0 = Debug|x86
		{B2FCF829-76BB-4444-A66C-BEA0A76BAB1E}.Release|Any CPU.ActiveCfg = Release|Any CPU
		{B2FCF829-76BB-4444-A66C-BEA0A76BAB1E}.Release|Any CPU.Build.0 = Release|Any CPU
		{B2FCF829-76BB-4444-A66C-BEA0A76BAB1E}.Release|x86.ActiveCfg = Release|x86
		{B2FCF829-76BB-4444-A66C-BEA0A76BAB1E}.Release|x86.Build.0 = Release|x86
	EndGlobalSection
	GlobalSection(SolutionProperties) = preSolution
		HideSolutionNode = FALSE
	EndGlobalSection
	GlobalSection(ExtensibilityGlobals) = postSolution
		SolutionGuid = {BE55B39D-ED9E-4AEF-B7EB-E6A72C3A3BD9}
	EndGlobalSection
EndGlobal
