
Microsoft Visual Studio Solution File, Format Version 12.00
# Visual Studio Version 17
VisualStudioVersion = 17.0.31717.71
MinimumVisualStudioVersion = 10.0.40219.1
Project("{FAE04EC0-301F-11D3-BF4B-00C04F79EFBC}") = "AutoZero", "AutoZero\AutoZero.csproj", "{1511F1C7-5057-4019-A6C8-560E18F26512}"
EndProject
Global
	GlobalSection(SolutionConfigurationPlatforms) = preSolution
		Debug|Any CPU = Debug|Any CPU
		Release|Any CPU = Release|Any CPU
	EndGlobalSection
	GlobalSection(ProjectConfigurationPlatforms) = postSolution
		{1511F1C7-5057-4019-A6C8-560E18F26512}.Debug|Any CPU.ActiveCfg = Debug|Any CPU
		{1511F1C7-5057-4019-A6C8-560E18F26512}.Debug|Any CPU.Build.0 = Debug|Any CPU
		{1511F1C7-5057-4019-A6C8-560E18F26512}.Release|Any CPU.ActiveCfg = Release|Any CPU
		{1511F1C7-5057-4019-A6C8-560E18F26512}.Release|Any CPU.Build.0 = Release|Any CPU
	EndGlobalSection
	GlobalSection(SolutionProperties) = preSolution
		HideSolutionNode = FALSE
	EndGlobalSection
	GlobalSection(ExtensibilityGlobals) = postSolution
		SolutionGuid = {8CD85270-5796-43C9-874C-2E2D704EDFF7}
	EndGlobalSection
EndGlobal
