
Microsoft Visual Studio Solution File, Format Version 12.00
# Visual Studio Version 16
VisualStudioVersion = 16.0.30611.23
MinimumVisualStudioVersion = 10.0.40219.1
Project("{9A19103F-16F7-4668-BE54-9A1E7A4F7556}") = "Forum_API", "Connector\Forum_API.csproj", "{C092C2B7-3D59-453C-8B9D-EA9648EA04D7}"
EndProject
Global
	GlobalSection(SolutionConfigurationPlatforms) = preSolution
		Debug|Any CPU = Debug|Any CPU
		Release|Any CPU = Release|Any CPU
	EndGlobalSection
	GlobalSection(ProjectConfigurationPlatforms) = postSolution
		{C092C2B7-3D59-453C-8B9D-EA9648EA04D7}.Debug|Any CPU.ActiveCfg = Debug|Any CPU
		{C092C2B7-3D59-453C-8B9D-EA9648EA04D7}.Debug|Any CPU.Build.0 = Debug|Any CPU
		{C092C2B7-3D59-453C-8B9D-EA9648EA04D7}.Release|Any CPU.ActiveCfg = Release|Any CPU
		{C092C2B7-3D59-453C-8B9D-EA9648EA04D7}.Release|Any CPU.Build.0 = Release|Any CPU
		{D96BDEFC-DEA8-4884-A966-D73107C92BC0}.Debug|Any CPU.ActiveCfg = Debug|Any CPU
		{D96BDEFC-DEA8-4884-A966-D73107C92BC0}.Debug|Any CPU.Build.0 = Debug|Any CPU
		{D96BDEFC-DEA8-4884-A966-D73107C92BC0}.Release|Any CPU.ActiveCfg = Release|Any CPU
		{D96BDEFC-DEA8-4884-A966-D73107C92BC0}.Release|Any CPU.Build.0 = Release|Any CPU
	EndGlobalSection
	GlobalSection(SolutionProperties) = preSolution
		HideSolutionNode = FALSE
	EndGlobalSection
	GlobalSection(ExtensibilityGlobals) = postSolution
		SolutionGuid = {9595A4CA-1452-4730-9D3F-BF857FBF9CBF}
	EndGlobalSection
EndGlobal
